
Microsoft Visual Studio Solution File, Format Version 12.00
# Visual Studio Version 17
VisualStudioVersion = 17.3.32929.385
MinimumVisualStudioVersion = 10.0.40219.1
Project("{FAE04EC0-301F-11D3-BF4B-00C04F79EFBC}") = "RenameFiles", "RenameFiles\RenameFiles.csproj", "{9C553557-2EC8-44C3-AA35-CFD8F25330C8}"
EndProject
Project("{FAE04EC0-301F-11D3-BF4B-00C04F79EFBC}") = "UnitTestRenameFiles", "UnitTestRenameFiles\UnitTestRenameFiles.csproj", "{2C132286-5159-4D73-945C-77735C4256C9}"
EndProject
Project("{FAE04EC0-301F-11D3-BF4B-00C04F79EFBC}") = "FredFileRenamer", "FredFileRenamer\FredFileRenamer.csproj", "{A4477AF2-560E-44CF-9767-7A7CF9581417}"
EndProject
Global
	GlobalSection(SolutionConfigurationPlatforms) = preSolution
		Debug|Any CPU = Debug|Any CPU
		Release|Any CPU = Release|Any CPU
	EndGlobalSection
	GlobalSection(ProjectConfigurationPlatforms) = postSolution
		{9C553557-2EC8-44C3-AA35-CFD8F25330C8}.Debug|Any CPU.ActiveCfg = Debug|Any CPU
		{9C553557-2EC8-44C3-AA35-CFD8F25330C8}.Debug|Any CPU.Build.0 = Debug|Any CPU
		{9C553557-2EC8-44C3-AA35-CFD8F25330C8}.Release|Any CPU.ActiveCfg = Release|Any CPU
		{9C553557-2EC8-44C3-AA35-CFD8F25330C8}.Release|Any CPU.Build.0 = Release|Any CPU
		{2C132286-5159-4D73-945C-77735C4256C9}.Debug|Any CPU.ActiveCfg = Debug|Any CPU
		{2C132286-5159-4D73-945C-77735C4256C9}.Debug|Any CPU.Build.0 = Debug|Any CPU
		{2C132286-5159-4D73-945C-77735C4256C9}.Release|Any CPU.ActiveCfg = Release|Any CPU
		{2C132286-5159-4D73-945C-77735C4256C9}.Release|Any CPU.Build.0 = Release|Any CPU
		{A4477AF2-560E-44CF-9767-7A7CF9581417}.Debug|Any CPU.ActiveCfg = Debug|Any CPU
		{A4477AF2-560E-44CF-9767-7A7CF9581417}.Debug|Any CPU.Build.0 = Debug|Any CPU
		{A4477AF2-560E-44CF-9767-7A7CF9581417}.Release|Any CPU.ActiveCfg = Release|Any CPU
		{A4477AF2-560E-44CF-9767-7A7CF9581417}.Release|Any CPU.Build.0 = Release|Any CPU
	EndGlobalSection
	GlobalSection(SolutionProperties) = preSolution
		HideSolutionNode = FALSE
	EndGlobalSection
	GlobalSection(ExtensibilityGlobals) = postSolution
		SolutionGuid = {02422C3A-DE5B-42AF-AA98-860B15FC0E4B}
	EndGlobalSection
EndGlobal
