
Microsoft Visual Studio Solution File, Format Version 12.00
# Visual Studio Version 17
VisualStudioVersion = 17.3.32929.385
MinimumVisualStudioVersion = 10.0.40219.1
Project("{FAE04EC0-301F-11D3-BF4B-00C04F79EFBC}") = "RenameFiles", "RenameFiles\RenameFiles.csproj", "{9C553557-2EC8-44C3-AA35-CFD8F25330C8}"
EndProject
Project("{FAE04EC0-301F-11D3-BF4B-00C04F79EFBC}") = "UnitTestRenameFiles", "UnitTestRenameFiles\UnitTestRenameFiles.csproj", "{2C132286-5159-4D73-945C-77735C4256C9}"
EndProject
Project("{FAE04EC0-301F-11D3-BF4B-00C04F79EFBC}") = "FredFileRenamer", "FredFileRenamer\FredFileRenamer.csproj", "{D453F31E-6C10-45DA-B3FE-09FD40F0E821}"
EndProject
Global
	GlobalSection(SolutionConfigurationPlatforms) = preSolution
		Debug|Any CPU = Debug|Any CPU
		Release|Any CPU = Release|Any CPU
	EndGlobalSection
	GlobalSection(ProjectConfigurationPlatforms) = postSolution
		{9C553557-2EC8-44C3-AA35-CFD8F25330C8}.Debug|Any CPU.ActiveCfg = Debug|Any CPU
		{9C553557-2EC8-44C3-AA35-CFD8F25330C8}.Debug|Any CPU.Build.0 = Debug|Any CPU
		{9C553557-2EC8-44C3-AA35-CFD8F25330C8}.Release|Any CPU.ActiveCfg = Release|Any CPU
		{9C553557-2EC8-44C3-AA35-CFD8F25330C8}.Release|Any CPU.Build.0 = Release|Any CPU
		{2C132286-5159-4D73-945C-77735C4256C9}.Debug|Any CPU.ActiveCfg = Debug|Any CPU
		{2C132286-5159-4D73-945C-77735C4256C9}.Debug|Any CPU.Build.0 = Debug|Any CPU
		{2C132286-5159-4D73-945C-77735C4256C9}.Release|Any CPU.ActiveCfg = Release|Any CPU
		{2C132286-5159-4D73-945C-77735C4256C9}.Release|Any CPU.Build.0 = Release|Any CPU
		{D453F31E-6C10-45DA-B3FE-09FD40F0E821}.Debug|Any CPU.ActiveCfg = Debug|Any CPU
		{D453F31E-6C10-45DA-B3FE-09FD40F0E821}.Debug|Any CPU.Build.0 = Debug|Any CPU
		{D453F31E-6C10-45DA-B3FE-09FD40F0E821}.Release|Any CPU.ActiveCfg = Release|Any CPU
		{D453F31E-6C10-45DA-B3FE-09FD40F0E821}.Release|Any CPU.Build.0 = Release|Any CPU
	EndGlobalSection
	GlobalSection(SolutionProperties) = preSolution
		HideSolutionNode = FALSE
	EndGlobalSection
	GlobalSection(ExtensibilityGlobals) = postSolution
		SolutionGuid = {693962CC-2208-4F92-90AF-3ED0FEAAF53A}
	EndGlobalSection
EndGlobal
